
Microsoft Visual Studio Solution File, Format Version 12.00
# Visual Studio Version 17
VisualStudioVersion = 17.6.33829.357
MinimumVisualStudioVersion = 10.0.40219.1
Project("{FAE04EC0-301F-11D3-BF4B-00C04F79EFBC}") = "Exercicio Matrizes", "Exercicio Matrizes\Exercicio Matrizes.csproj", "{AD042071-DC43-43A0-ABCF-00FF455BAC12}"
EndProject
Global
	GlobalSection(SolutionConfigurationPlatforms) = preSolution
		Debug|Any CPU = Debug|Any CPU
		Release|Any CPU = Release|Any CPU
	EndGlobalSection
	GlobalSection(ProjectConfigurationPlatforms) = postSolution
		{AD042071-DC43-43A0-ABCF-00FF455BAC12}.Debug|Any CPU.ActiveCfg = Debug|Any CPU
		{AD042071-DC43-43A0-ABCF-00FF455BAC12}.Debug|Any CPU.Build.0 = Debug|Any CPU
		{AD042071-DC43-43A0-ABCF-00FF455BAC12}.Release|Any CPU.ActiveCfg = Release|Any CPU
		{AD042071-DC43-43A0-ABCF-00FF455BAC12}.Release|Any CPU.Build.0 = Release|Any CPU
	EndGlobalSection
	GlobalSection(SolutionProperties) = preSolution
		HideSolutionNode = FALSE
	EndGlobalSection
	GlobalSection(ExtensibilityGlobals) = postSolution
		SolutionGuid = {03196DFB-59E4-4AD6-BB28-E1F4E4F9BB41}
	EndGlobalSection
EndGlobal
