
Microsoft Visual Studio Solution File, Format Version 12.00
# Visual Studio Version 17
VisualStudioVersion = 17.6.33829.357
MinimumVisualStudioVersion = 10.0.40219.1
Project("{FAE04EC0-301F-11D3-BF4B-00C04F79EFBC}") = "List pt1", "List pt1\List pt1.csproj", "{34B79FAE-6F0F-4DE9-9528-A2D905521F4B}"
EndProject
Global
	GlobalSection(SolutionConfigurationPlatforms) = preSolution
		Debug|Any CPU = Debug|Any CPU
		Release|Any CPU = Release|Any CPU
	EndGlobalSection
	GlobalSection(ProjectConfigurationPlatforms) = postSolution
		{34B79FAE-6F0F-4DE9-9528-A2D905521F4B}.Debug|Any CPU.ActiveCfg = Debug|Any CPU
		{34B79FAE-6F0F-4DE9-9528-A2D905521F4B}.Debug|Any CPU.Build.0 = Debug|Any CPU
		{34B79FAE-6F0F-4DE9-9528-A2D905521F4B}.Release|Any CPU.ActiveCfg = Release|Any CPU
		{34B79FAE-6F0F-4DE9-9528-A2D905521F4B}.Release|Any CPU.Build.0 = Release|Any CPU
	EndGlobalSection
	GlobalSection(SolutionProperties) = preSolution
		HideSolutionNode = FALSE
	EndGlobalSection
	GlobalSection(ExtensibilityGlobals) = postSolution
		SolutionGuid = {EA681D38-18C0-4F15-B005-394BF34F1CC8}
	EndGlobalSection
EndGlobal
