
Microsoft Visual Studio Solution File, Format Version 12.00
# Visual Studio Version 17
VisualStudioVersion = 17.6.33829.357
MinimumVisualStudioVersion = 10.0.40219.1
Project("{FAE04EC0-301F-11D3-BF4B-00C04F79EFBC}") = "Projeto 23.08", "Projeto 23.08\Projeto 23.08.csproj", "{718CA153-038C-4DB1-AF8D-F6D828F184D9}"
EndProject
Global
	GlobalSection(SolutionConfigurationPlatforms) = preSolution
		Debug|Any CPU = Debug|Any CPU
		Release|Any CPU = Release|Any CPU
	EndGlobalSection
	GlobalSection(ProjectConfigurationPlatforms) = postSolution
		{718CA153-038C-4DB1-AF8D-F6D828F184D9}.Debug|Any CPU.ActiveCfg = Debug|Any CPU
		{718CA153-038C-4DB1-AF8D-F6D828F184D9}.Debug|Any CPU.Build.0 = Debug|Any CPU
		{718CA153-038C-4DB1-AF8D-F6D828F184D9}.Release|Any CPU.ActiveCfg = Release|Any CPU
		{718CA153-038C-4DB1-AF8D-F6D828F184D9}.Release|Any CPU.Build.0 = Release|Any CPU
	EndGlobalSection
	GlobalSection(SolutionProperties) = preSolution
		HideSolutionNode = FALSE
	EndGlobalSection
	GlobalSection(ExtensibilityGlobals) = postSolution
		SolutionGuid = {5A8DA0DB-E843-42AF-AB8D-3B58D9C364AC}
	EndGlobalSection
EndGlobal
