
Microsoft Visual Studio Solution File, Format Version 12.00
# Visual Studio Version 17
VisualStudioVersion = 17.6.33829.357
MinimumVisualStudioVersion = 10.0.40219.1
Project("{FAE04EC0-301F-11D3-BF4B-00C04F79EFBC}") = "Properties", "Properties\Properties.csproj", "{EA79A556-0CC1-41DA-AF19-A1C3FD6F55B9}"
EndProject
Global
	GlobalSection(SolutionConfigurationPlatforms) = preSolution
		Debug|Any CPU = Debug|Any CPU
		Release|Any CPU = Release|Any CPU
	EndGlobalSection
	GlobalSection(ProjectConfigurationPlatforms) = postSolution
		{EA79A556-0CC1-41DA-AF19-A1C3FD6F55B9}.Debug|Any CPU.ActiveCfg = Debug|Any CPU
		{EA79A556-0CC1-41DA-AF19-A1C3FD6F55B9}.Debug|Any CPU.Build.0 = Debug|Any CPU
		{EA79A556-0CC1-41DA-AF19-A1C3FD6F55B9}.Release|Any CPU.ActiveCfg = Release|Any CPU
		{EA79A556-0CC1-41DA-AF19-A1C3FD6F55B9}.Release|Any CPU.Build.0 = Release|Any CPU
	EndGlobalSection
	GlobalSection(SolutionProperties) = preSolution
		HideSolutionNode = FALSE
	EndGlobalSection
	GlobalSection(ExtensibilityGlobals) = postSolution
		SolutionGuid = {218D8952-8572-4DCE-83F5-C0C45DE3DE31}
	EndGlobalSection
EndGlobal
