
Microsoft Visual Studio Solution File, Format Version 12.00
# Visual Studio Version 17
VisualStudioVersion = 17.6.33829.357
MinimumVisualStudioVersion = 10.0.40219.1
Project("{FAE04EC0-301F-11D3-BF4B-00C04F79EFBC}") = "Sintaxe Alternativa (switch case)", "Sintaxe Alternativa (switch case)\Sintaxe Alternativa (switch case).csproj", "{248F6704-BE41-4292-BE4C-B01F2EF89556}"
EndProject
Global
	GlobalSection(SolutionConfigurationPlatforms) = preSolution
		Debug|Any CPU = Debug|Any CPU
		Release|Any CPU = Release|Any CPU
	EndGlobalSection
	GlobalSection(ProjectConfigurationPlatforms) = postSolution
		{248F6704-BE41-4292-BE4C-B01F2EF89556}.Debug|Any CPU.ActiveCfg = Debug|Any CPU
		{248F6704-BE41-4292-BE4C-B01F2EF89556}.Debug|Any CPU.Build.0 = Debug|Any CPU
		{248F6704-BE41-4292-BE4C-B01F2EF89556}.Release|Any CPU.ActiveCfg = Release|Any CPU
		{248F6704-BE41-4292-BE4C-B01F2EF89556}.Release|Any CPU.Build.0 = Release|Any CPU
	EndGlobalSection
	GlobalSection(SolutionProperties) = preSolution
		HideSolutionNode = FALSE
	EndGlobalSection
	GlobalSection(ExtensibilityGlobals) = postSolution
		SolutionGuid = {053C160E-89FE-4449-83B4-3E50BB6F6EE5}
	EndGlobalSection
EndGlobal
