
Microsoft Visual Studio Solution File, Format Version 12.00
# Visual Studio Version 17
VisualStudioVersion = 17.6.33829.357
MinimumVisualStudioVersion = 10.0.40219.1
Project("{FAE04EC0-301F-11D3-BF4B-00C04F79EFBC}") = "Tipos referência e tipos valo", "Tipos referência e tipos valo\Tipos referência e tipos valo.csproj", "{A57F6C67-C915-45C8-B365-52E324977956}"
EndProject
Global
	GlobalSection(SolutionConfigurationPlatforms) = preSolution
		Debug|Any CPU = Debug|Any CPU
		Release|Any CPU = Release|Any CPU
	EndGlobalSection
	GlobalSection(ProjectConfigurationPlatforms) = postSolution
		{A57F6C67-C915-45C8-B365-52E324977956}.Debug|Any CPU.ActiveCfg = Debug|Any CPU
		{A57F6C67-C915-45C8-B365-52E324977956}.Debug|Any CPU.Build.0 = Debug|Any CPU
		{A57F6C67-C915-45C8-B365-52E324977956}.Release|Any CPU.ActiveCfg = Release|Any CPU
		{A57F6C67-C915-45C8-B365-52E324977956}.Release|Any CPU.Build.0 = Release|Any CPU
	EndGlobalSection
	GlobalSection(SolutionProperties) = preSolution
		HideSolutionNode = FALSE
	EndGlobalSection
	GlobalSection(ExtensibilityGlobals) = postSolution
		SolutionGuid = {3818F20A-C0E1-403C-AE5A-95A8B871CA62}
	EndGlobalSection
EndGlobal
