
Microsoft Visual Studio Solution File, Format Version 12.00
# Visual Studio Version 17
VisualStudioVersion = 17.6.33829.357
MinimumVisualStudioVersion = 10.0.40219.1
Project("{FAE04EC0-301F-11D3-BF4B-00C04F79EFBC}") = "Vetores pt1", "Vetores pt1\Vetores pt1.csproj", "{D8EF4FDD-882D-4B5B-A9DF-99467822BEA4}"
EndProject
Global
	GlobalSection(SolutionConfigurationPlatforms) = preSolution
		Debug|Any CPU = Debug|Any CPU
		Release|Any CPU = Release|Any CPU
	EndGlobalSection
	GlobalSection(ProjectConfigurationPlatforms) = postSolution
		{D8EF4FDD-882D-4B5B-A9DF-99467822BEA4}.Debug|Any CPU.ActiveCfg = Debug|Any CPU
		{D8EF4FDD-882D-4B5B-A9DF-99467822BEA4}.Debug|Any CPU.Build.0 = Debug|Any CPU
		{D8EF4FDD-882D-4B5B-A9DF-99467822BEA4}.Release|Any CPU.ActiveCfg = Release|Any CPU
		{D8EF4FDD-882D-4B5B-A9DF-99467822BEA4}.Release|Any CPU.Build.0 = Release|Any CPU
	EndGlobalSection
	GlobalSection(SolutionProperties) = preSolution
		HideSolutionNode = FALSE
	EndGlobalSection
	GlobalSection(ExtensibilityGlobals) = postSolution
		SolutionGuid = {0CBB83A3-8B92-4CD3-82A3-BC7C23C6E290}
	EndGlobalSection
EndGlobal
